// !$*UTF8*$!
{
	archiveVersion = 1;
	classes = {
	};
	objectVersion = 46;
	objects = {

/* Begin PBXBuildFile section */
		68171BE119ADDBC5000AFEEB /* Foundation.framework in Frameworks */ = {isa = PBXBuildFile; fileRef = 68171BE019ADDBC5000AFEEB /* Foundation.framework */; };
		68171BE319ADDBC5000AFEEB /* CoreGraphics.framework in Frameworks */ = {isa = PBXBuildFile; fileRef = 68171BE219ADDBC5000AFEEB /* CoreGraphics.framework */; };
		68171BE519ADDBC5000AFEEB /* UIKit.framework in Frameworks */ = {isa = PBXBuildFile; fileRef = 68171BE419ADDBC5000AFEEB /* UIKit.framework */; };
		68171BEB19ADDBC5000AFEEB /* InfoPlist.strings in Resources */ = {isa = PBXBuildFile; fileRef = 68171BE919ADDBC5000AFEEB /* InfoPlist.strings */; };
		68171BED19ADDBC5000AFEEB /* main.m in Sources */ = {isa = PBXBuildFile; fileRef = 68171BEC19ADDBC5000AFEEB /* main.m */; };
		68171BF119ADDBC5000AFEEB /* ChartsGalleryAppDelegate.m in Sources */ = {isa = PBXBuildFile; fileRef = 68171BF019ADDBC5000AFEEB /* ChartsGalleryAppDelegate.m */; };
		68171BF419ADDBC5000AFEEB /* ChartsGallery.storyboard in Resources */ = {isa = PBXBuildFile; fileRef = 68171BF219ADDBC5000AFEEB /* ChartsGallery.storyboard */; };
		68171BF719ADDBC5000AFEEB /* ChartsGalleryViewController.m in Sources */ = {isa = PBXBuildFile; fileRef = 68171BF619ADDBC5000AFEEB /* ChartsGalleryViewController.m */; };
		68171BF919ADDBC5000AFEEB /* Images.xcassets in Resources */ = {isa = PBXBuildFile; fileRef = 68171BF819ADDBC5000AFEEB /* Images.xcassets */; };
		68171C1619ADDC04000AFEEB /* QuartzCore.framework in Frameworks */ = {isa = PBXBuildFile; fileRef = 68171C1519ADDC04000AFEEB /* QuartzCore.framework */; };
		68171C2219ADDCD6000AFEEB /* libShinobiPlayUtils.a in Frameworks */ = {isa = PBXBuildFile; fileRef = 68171C1D19ADDC45000AFEEB /* libShinobiPlayUtils.a */; };
		681815EA19C6E4AB00D10022 /* ChartsGalleryHistogramSeries.m in Sources */ = {isa = PBXBuildFile; fileRef = 681815E919C6E4AB00D10022 /* ChartsGalleryHistogramSeries.m */; };
		681815F119C6F14C00D10022 /* ChartsGalleryStackedBarDataSource.m in Sources */ = {isa = PBXBuildFile; fileRef = 681815EE19C6F14C00D10022 /* ChartsGalleryStackedBarDataSource.m */; };
		681815F219C6F14C00D10022 /* ChartsGalleryStackedBarViewController.m in Sources */ = {isa = PBXBuildFile; fileRef = 681815F019C6F14C00D10022 /* ChartsGalleryStackedBarViewController.m */; };
		681815F619C6F88B00D10022 /* ChartsGalleryStackedColumnViewController.m in Sources */ = {isa = PBXBuildFile; fileRef = 681815F519C6F88B00D10022 /* ChartsGalleryStackedColumnViewController.m */; };
		681815F919C6F8C400D10022 /* ChartsGalleryStackedColumnDataSource.m in Sources */ = {isa = PBXBuildFile; fileRef = 681815F819C6F8C400D10022 /* ChartsGalleryStackedColumnDataSource.m */; };
		681815FB19C6F8F300D10022 /* ChartsGallery-stackedColumn-data.plist in Resources */ = {isa = PBXBuildFile; fileRef = 681815FA19C6F8F300D10022 /* ChartsGallery-stackedColumn-data.plist */; };
		681815FF19C707CB00D10022 /* ChartsGalleryStepViewController.m in Sources */ = {isa = PBXBuildFile; fileRef = 681815FE19C707CB00D10022 /* ChartsGalleryStepViewController.m */; };
		6818160219C707EC00D10022 /* ChartsGalleryStepDataSource.m in Sources */ = {isa = PBXBuildFile; fileRef = 6818160119C707EC00D10022 /* ChartsGalleryStepDataSource.m */; };
		6818160419C7084C00D10022 /* ChartsGallery-step-data.plist in Resources */ = {isa = PBXBuildFile; fileRef = 6818160319C7084C00D10022 /* ChartsGallery-step-data.plist */; };
		6818160A19C70F6400D10022 /* ChartsGalleryCandlestickViewController.m in Sources */ = {isa = PBXBuildFile; fileRef = 6818160719C70F6400D10022 /* ChartsGalleryCandlestickViewController.m */; };
		6818160B19C70F6400D10022 /* ChartsGalleryCandlestickDataSource.m in Sources */ = {isa = PBXBuildFile; fileRef = 6818160919C70F6400D10022 /* ChartsGalleryCandlestickDataSource.m */; };
		6818162719C713D000D10022 /* ChartsGallery-ohlc-data.plist in Resources */ = {isa = PBXBuildFile; fileRef = 6818162619C713D000D10022 /* ChartsGallery-ohlc-data.plist */; };
		6818162B19C740AD00D10022 /* ChartsGalleryOHLCViewController.m in Sources */ = {isa = PBXBuildFile; fileRef = 6818162A19C740AD00D10022 /* ChartsGalleryOHLCViewController.m */; };
		6818162E19C740C700D10022 /* ChartsGalleryOHLCDataSource.m in Sources */ = {isa = PBXBuildFile; fileRef = 6818162D19C740C700D10022 /* ChartsGalleryOHLCDataSource.m */; };
		6818163419C81FD900D10022 /* ChartsGalleryBandViewController.m in Sources */ = {isa = PBXBuildFile; fileRef = 6818163319C81FD900D10022 /* ChartsGalleryBandViewController.m */; };
		6818163719C81FF200D10022 /* ChartsGalleryBandDataSource.m in Sources */ = {isa = PBXBuildFile; fileRef = 6818163619C81FF200D10022 /* ChartsGalleryBandDataSource.m */; };
		6818163B19C82C4B00D10022 /* ChartsGallery-band-data.plist in Resources */ = {isa = PBXBuildFile; fileRef = 6818163A19C82C4B00D10022 /* ChartsGallery-band-data.plist */; };
		6818163E19C83A3F00D10022 /* ChartsGalleryMultiYDataSource.m in Sources */ = {isa = PBXBuildFile; fileRef = 6818163D19C83A3F00D10022 /* ChartsGalleryMultiYDataSource.m */; };
		6818164419C84F3300D10022 /* ChartsGallery-scatter-data.plist in Resources */ = {isa = PBXBuildFile; fileRef = 6818164319C84F3300D10022 /* ChartsGallery-scatter-data.plist */; };
		6818164719C84F7600D10022 /* ChartsGalleryScatterDataSource.m in Sources */ = {isa = PBXBuildFile; fileRef = 6818164619C84F7600D10022 /* ChartsGalleryScatterDataSource.m */; };
		6818164A19C84F9400D10022 /* ChartsGalleryScatterViewController.m in Sources */ = {isa = PBXBuildFile; fileRef = 6818164919C84F9400D10022 /* ChartsGalleryScatterViewController.m */; };
		6818164D19C862E600D10022 /* ChartsGalleryBubbleViewController.m in Sources */ = {isa = PBXBuildFile; fileRef = 6818164C19C862E600D10022 /* ChartsGalleryBubbleViewController.m */; };
		6818165019C862FA00D10022 /* ChartsGalleryBubbleDataSource.m in Sources */ = {isa = PBXBuildFile; fileRef = 6818164F19C862FA00D10022 /* ChartsGalleryBubbleDataSource.m */; };
		6818165619C8642A00D10022 /* ChartsGalleryBubbleSeries.m in Sources */ = {isa = PBXBuildFile; fileRef = 6818165519C8642A00D10022 /* ChartsGalleryBubbleSeries.m */; };
		6818165819C8835700D10022 /* ChartsGallery-bubble-data.plist in Resources */ = {isa = PBXBuildFile; fileRef = 6818165719C8835700D10022 /* ChartsGallery-bubble-data.plist */; };
		68229E9619BDA7E7004B5A17 /* ChartsGalleryLineViewController.m in Sources */ = {isa = PBXBuildFile; fileRef = 68229E9219BDA7E7004B5A17 /* ChartsGalleryLineViewController.m */; };
		68229E9719BDA7E7004B5A17 /* ChartsGalleryLineDataSource.m in Sources */ = {isa = PBXBuildFile; fileRef = 68229E9419BDA7E7004B5A17 /* ChartsGalleryLineDataSource.m */; };
		68229E9819BDA7E7004B5A17 /* ChartsGallery-line-data.plist in Resources */ = {isa = PBXBuildFile; fileRef = 68229E9519BDA7E7004B5A17 /* ChartsGallery-line-data.plist */; };
		68229E9E19BDB234004B5A17 /* ChartsGalleryAlternateLineViewController.m in Sources */ = {isa = PBXBuildFile; fileRef = 68229E9B19BDB234004B5A17 /* ChartsGalleryAlternateLineViewController.m */; };
		68229E9F19BDB234004B5A17 /* ChartsGalleryAlternateLineDataSource.m in Sources */ = {isa = PBXBuildFile; fileRef = 68229E9D19BDB234004B5A17 /* ChartsGalleryAlternateLineDataSource.m */; };
		68229EAA19BDCDA7004B5A17 /* ChartsGalleryAreaViewController.m in Sources */ = {isa = PBXBuildFile; fileRef = 68229EA719BDCDA7004B5A17 /* ChartsGalleryAreaViewController.m */; };
		68229EAB19BDCDA7004B5A17 /* ChartsGalleryAreaDataSource.m in Sources */ = {isa = PBXBuildFile; fileRef = 68229EA919BDCDA7004B5A17 /* ChartsGalleryAreaDataSource.m */; };
		68229EAD19BDCF56004B5A17 /* ChartsGallery-area-data.plist in Resources */ = {isa = PBXBuildFile; fileRef = 68229EAC19BDCF56004B5A17 /* ChartsGallery-area-data.plist */; };
		68229EB519BDD35E004B5A17 /* ChartsGalleryStackedLineDataSource.m in Sources */ = {isa = PBXBuildFile; fileRef = 68229EB219BDD35E004B5A17 /* ChartsGalleryStackedLineDataSource.m */; };
		68229EB619BDD35E004B5A17 /* ChartsGalleryStackedLineViewController.m in Sources */ = {isa = PBXBuildFile; fileRef = 68229EB419BDD35E004B5A17 /* ChartsGalleryStackedLineViewController.m */; };
		68229EB819BDD3F3004B5A17 /* ChartsGallery-stackedLine-data.plist in Resources */ = {isa = PBXBuildFile; fileRef = 68229EB719BDD3F3004B5A17 /* ChartsGallery-stackedLine-data.plist */; };
		68229EBE19BDD864004B5A17 /* ChartsGalleryStackedAreaViewController.m in Sources */ = {isa = PBXBuildFile; fileRef = 68229EBB19BDD864004B5A17 /* ChartsGalleryStackedAreaViewController.m */; };
		68229EBF19BDD864004B5A17 /* ChartsGalleryStackedAreaDataSource.m in Sources */ = {isa = PBXBuildFile; fileRef = 68229EBD19BDD864004B5A17 /* ChartsGalleryStackedAreaDataSource.m */; };
		68229EC219BDEFAF004B5A17 /* ChartsGalleryCommonDateDataSource.m in Sources */ = {isa = PBXBuildFile; fileRef = 68229EC119BDEFAF004B5A17 /* ChartsGalleryCommonDateDataSource.m */; };
		68229EC419BDF693004B5A17 /* ChartsGallery-alternateLine-data.plist in Resources */ = {isa = PBXBuildFile; fileRef = 68229EC319BDF693004B5A17 /* ChartsGallery-alternateLine-data.plist */; };
		68229ECC19BEF0DD004B5A17 /* ChartsGalleryBarViewController.m in Sources */ = {isa = PBXBuildFile; fileRef = 68229EC919BEF0DD004B5A17 /* ChartsGalleryBarViewController.m */; };
		68229ECD19BEF0DD004B5A17 /* ChartsGalleryBarDataSource.m in Sources */ = {isa = PBXBuildFile; fileRef = 68229ECB19BEF0DD004B5A17 /* ChartsGalleryBarDataSource.m */; };
		6853D95B19B5EB2400735962 /* ChartsGalleryMultitypeViewController.m in Sources */ = {isa = PBXBuildFile; fileRef = 6853D95819B5EB2400735962 /* ChartsGalleryMultitypeViewController.m */; };
		6853D95C19B5EB2400735962 /* ChartsGalleryMultitypeDataSource.m in Sources */ = {isa = PBXBuildFile; fileRef = 6853D95A19B5EB2400735962 /* ChartsGalleryMultitypeDataSource.m */; };
		68C6318C19B5A7A2009BFDC0 /* ShinobiCharts.framework in Frameworks */ = {isa = PBXBuildFile; fileRef = 68C6318B19B5A7A2009BFDC0 /* ShinobiCharts.framework */; };
		68C6318F19B5A7A9009BFDC0 /* libstdc++.dylib in Frameworks */ = {isa = PBXBuildFile; fileRef = 68C6318E19B5A7A9009BFDC0 /* libstdc++.dylib */; };
		68C6319319B5AB44009BFDC0 /* ChartsGalleryPieViewController.m in Sources */ = {isa = PBXBuildFile; fileRef = 68C6319219B5AB44009BFDC0 /* ChartsGalleryPieViewController.m */; };
		68C6319619B5AD8F009BFDC0 /* ChartsGalleryPieDataSource.m in Sources */ = {isa = PBXBuildFile; fileRef = 68C6319519B5AD8F009BFDC0 /* ChartsGalleryPieDataSource.m */; };
		68C6319C19B5AE30009BFDC0 /* ChartsGalleryCommonDataSource.m in Sources */ = {isa = PBXBuildFile; fileRef = 68C6319919B5AE30009BFDC0 /* ChartsGalleryCommonDataSource.m */; };
		68C6319D19B5AE30009BFDC0 /* ChartsGalleryProportionDataSource.m in Sources */ = {isa = PBXBuildFile; fileRef = 68C6319B19B5AE30009BFDC0 /* ChartsGalleryProportionDataSource.m */; };
		68C631A119B5B5DA009BFDC0 /* ChartsGalleryDonutViewController.m in Sources */ = {isa = PBXBuildFile; fileRef = 68C631A019B5B5DA009BFDC0 /* ChartsGalleryDonutViewController.m */; };
		68C631A419B5B639009BFDC0 /* ChartsGalleryDonutDataSource.m in Sources */ = {isa = PBXBuildFile; fileRef = 68C631A319B5B639009BFDC0 /* ChartsGalleryDonutDataSource.m */; };
		68D4708F19BF1E83001B1D0D /* ChartsGalleryColumnViewController.m in Sources */ = {isa = PBXBuildFile; fileRef = 68D4708C19BF1E83001B1D0D /* ChartsGalleryColumnViewController.m */; };
		68D4709019BF1E83001B1D0D /* ChartsGalleryColumnDataSource.m in Sources */ = {isa = PBXBuildFile; fileRef = 68D4708E19BF1E83001B1D0D /* ChartsGalleryColumnDataSource.m */; };
		68D4709219BF1E96001B1D0D /* ChartsGallery-column-data.plist in Resources */ = {isa = PBXBuildFile; fileRef = 68D4709119BF1E96001B1D0D /* ChartsGallery-column-data.plist */; };
		68D4709419BF2140001B1D0D /* ChartsGallery-bar-data.plist in Resources */ = {isa = PBXBuildFile; fileRef = 68D4709319BF2140001B1D0D /* ChartsGallery-bar-data.plist */; };
		68D4709819BF40DC001B1D0D /* ChartsGalleryCommonViewController.m in Sources */ = {isa = PBXBuildFile; fileRef = 68D4709719BF40DC001B1D0D /* ChartsGalleryCommonViewController.m */; };
		68D4709A19BF537F001B1D0D /* ChartsGallery-multitype-data.plist in Resources */ = {isa = PBXBuildFile; fileRef = 68D4709919BF537F001B1D0D /* ChartsGallery-multitype-data.plist */; };
		68D470A019C0355C001B1D0D /* ChartsGalleryHistogramDataSource.m in Sources */ = {isa = PBXBuildFile; fileRef = 68D4709D19C0355C001B1D0D /* ChartsGalleryHistogramDataSource.m */; };
		68D470A119C0355C001B1D0D /* ChartsGalleryHistogramViewController.m in Sources */ = {isa = PBXBuildFile; fileRef = 68D4709F19C0355C001B1D0D /* ChartsGalleryHistogramViewController.m */; };
		68D470A319C0369A001B1D0D /* ChartsGallery-histogram-data.plist in Resources */ = {isa = PBXBuildFile; fileRef = 68D470A219C0369A001B1D0D /* ChartsGallery-histogram-data.plist */; };
/* End PBXBuildFile section */

/* Begin PBXContainerItemProxy section */
		68171C1C19ADDC45000AFEEB /* PBXContainerItemProxy */ = {
			isa = PBXContainerItemProxy;
			containerPortal = 68171C1719ADDC45000AFEEB /* ShinobiPlayUtils.xcodeproj */;
			proxyType = 2;
			remoteGlobalIDString = 68793C011959855D009C17BD;
			remoteInfo = ShinobiPlayUtils;
		};
		68171C1E19ADDC45000AFEEB /* PBXContainerItemProxy */ = {
			isa = PBXContainerItemProxy;
			containerPortal = 68171C1719ADDC45000AFEEB /* ShinobiPlayUtils.xcodeproj */;
			proxyType = 2;
			remoteGlobalIDString = 68793C111959855E009C17BD;
			remoteInfo = ShinobiPlayUtilsTests;
		};
		68171C2019ADDCCB000AFEEB /* PBXContainerItemProxy */ = {
			isa = PBXContainerItemProxy;
			containerPortal = 68171C1719ADDC45000AFEEB /* ShinobiPlayUtils.xcodeproj */;
			proxyType = 1;
			remoteGlobalIDString = 68793C001959855D009C17BD;
			remoteInfo = ShinobiPlayUtils;
		};
/* End PBXContainerItemProxy section */

/* Begin PBXFileReference section */
		68171BDD19ADDBC5000AFEEB /* ChartsGallery.app */ = {isa = PBXFileReference; explicitFileType = wrapper.application; includeInIndex = 0; path = ChartsGallery.app; sourceTree = BUILT_PRODUCTS_DIR; };
		68171BE019ADDBC5000AFEEB /* Foundation.framework */ = {isa = PBXFileReference; lastKnownFileType = wrapper.framework; name = Foundation.framework; path = System/Library/Frameworks/Foundation.framework; sourceTree = SDKROOT; };
		68171BE219ADDBC5000AFEEB /* CoreGraphics.framework */ = {isa = PBXFileReference; lastKnownFileType = wrapper.framework; name = CoreGraphics.framework; path = System/Library/Frameworks/CoreGraphics.framework; sourceTree = SDKROOT; };
		68171BE419ADDBC5000AFEEB /* UIKit.framework */ = {isa = PBXFileReference; lastKnownFileType = wrapper.framework; name = UIKit.framework; path = System/Library/Frameworks/UIKit.framework; sourceTree = SDKROOT; };
		68171BE819ADDBC5000AFEEB /* ChartsGallery-Info.plist */ = {isa = PBXFileReference; lastKnownFileType = text.plist.xml; path = "ChartsGallery-Info.plist"; sourceTree = "<group>"; };
		68171BEA19ADDBC5000AFEEB /* en */ = {isa = PBXFileReference; lastKnownFileType = text.plist.strings; name = en; path = en.lproj/InfoPlist.strings; sourceTree = "<group>"; };
		68171BEC19ADDBC5000AFEEB /* main.m */ = {isa = PBXFileReference; lastKnownFileType = sourcecode.c.objc; lineEnding = 0; path = main.m; sourceTree = "<group>"; xcLanguageSpecificationIdentifier = xcode.lang.objc; };
		68171BEE19ADDBC5000AFEEB /* ChartsGallery-Prefix.pch */ = {isa = PBXFileReference; lastKnownFileType = sourcecode.c.h; path = "ChartsGallery-Prefix.pch"; sourceTree = "<group>"; };
		68171BEF19ADDBC5000AFEEB /* ChartsGalleryAppDelegate.h */ = {isa = PBXFileReference; lastKnownFileType = sourcecode.c.h; path = ChartsGalleryAppDelegate.h; sourceTree = "<group>"; };
		68171BF019ADDBC5000AFEEB /* ChartsGalleryAppDelegate.m */ = {isa = PBXFileReference; lastKnownFileType = sourcecode.c.objc; lineEnding = 0; path = ChartsGalleryAppDelegate.m; sourceTree = "<group>"; xcLanguageSpecificationIdentifier = xcode.lang.objc; };
		68171BF319ADDBC5000AFEEB /* Base */ = {isa = PBXFileReference; lastKnownFileType = file.storyboard; name = Base; path = Base.lproj/ChartsGallery.storyboard; sourceTree = "<group>"; };
		68171BF519ADDBC5000AFEEB /* ChartsGalleryViewController.h */ = {isa = PBXFileReference; lastKnownFileType = sourcecode.c.h; lineEnding = 0; path = ChartsGalleryViewController.h; sourceTree = "<group>"; xcLanguageSpecificationIdentifier = xcode.lang.objcpp; };
		68171BF619ADDBC5000AFEEB /* ChartsGalleryViewController.m */ = {isa = PBXFileReference; lastKnownFileType = sourcecode.c.objc; lineEnding = 0; path = ChartsGalleryViewController.m; sourceTree = "<group>"; xcLanguageSpecificationIdentifier = xcode.lang.objc; };
		68171BF819ADDBC5000AFEEB /* Images.xcassets */ = {isa = PBXFileReference; lastKnownFileType = folder.assetcatalog; path = Images.xcassets; sourceTree = "<group>"; };
		68171BFF19ADDBC5000AFEEB /* XCTest.framework */ = {isa = PBXFileReference; lastKnownFileType = wrapper.framework; name = XCTest.framework; path = Library/Frameworks/XCTest.framework; sourceTree = DEVELOPER_DIR; };
		68171C1519ADDC04000AFEEB /* QuartzCore.framework */ = {isa = PBXFileReference; lastKnownFileType = wrapper.framework; name = QuartzCore.framework; path = System/Library/Frameworks/QuartzCore.framework; sourceTree = SDKROOT; };
		68171C1719ADDC45000AFEEB /* ShinobiPlayUtils.xcodeproj */ = {isa = PBXFileReference; lastKnownFileType = "wrapper.pb-project"; name = ShinobiPlayUtils.xcodeproj; path = ShinobiPlayUtils/ShinobiPlayUtils/ShinobiPlayUtils.xcodeproj; sourceTree = "<group>"; };
		681815E819C6E4AB00D10022 /* ChartsGalleryHistogramSeries.h */ = {isa = PBXFileReference; fileEncoding = 4; lastKnownFileType = sourcecode.c.h; path = ChartsGalleryHistogramSeries.h; sourceTree = "<group>"; };
		681815E919C6E4AB00D10022 /* ChartsGalleryHistogramSeries.m */ = {isa = PBXFileReference; fileEncoding = 4; lastKnownFileType = sourcecode.c.objc; path = ChartsGalleryHistogramSeries.m; sourceTree = "<group>"; };
		681815ED19C6F14C00D10022 /* ChartsGalleryStackedBarDataSource.h */ = {isa = PBXFileReference; fileEncoding = 4; lastKnownFileType = sourcecode.c.h; path = ChartsGalleryStackedBarDataSource.h; sourceTree = "<group>"; };
		681815EE19C6F14C00D10022 /* ChartsGalleryStackedBarDataSource.m */ = {isa = PBXFileReference; fileEncoding = 4; lastKnownFileType = sourcecode.c.objc; path = ChartsGalleryStackedBarDataSource.m; sourceTree = "<group>"; };
		681815EF19C6F14C00D10022 /* ChartsGalleryStackedBarViewController.h */ = {isa = PBXFileReference; fileEncoding = 4; lastKnownFileType = sourcecode.c.h; path = ChartsGalleryStackedBarViewController.h; sourceTree = "<group>"; };
		681815F019C6F14C00D10022 /* ChartsGalleryStackedBarViewController.m */ = {isa = PBXFileReference; fileEncoding = 4; lastKnownFileType = sourcecode.c.objc; lineEnding = 0; path = ChartsGalleryStackedBarViewController.m; sourceTree = "<group>"; xcLanguageSpecificationIdentifier = xcode.lang.objc; };
		681815F419C6F87000D10022 /* ChartsGalleryStackedColumnViewController.h */ = {isa = PBXFileReference; fileEncoding = 4; lastKnownFileType = sourcecode.c.h; path = ChartsGalleryStackedColumnViewController.h; sourceTree = "<group>"; };
		681815F519C6F88B00D10022 /* ChartsGalleryStackedColumnViewController.m */ = {isa = PBXFileReference; fileEncoding = 4; lastKnownFileType = sourcecode.c.objc; lineEnding = 0; path = ChartsGalleryStackedColumnViewController.m; sourceTree = "<group>"; xcLanguageSpecificationIdentifier = xcode.lang.objc; };
		681815F719C6F8BA00D10022 /* ChartsGalleryStackedColumnDataSource.h */ = {isa = PBXFileReference; fileEncoding = 4; lastKnownFileType = sourcecode.c.h; path = ChartsGalleryStackedColumnDataSource.h; sourceTree = "<group>"; };
		681815F819C6F8C400D10022 /* ChartsGalleryStackedColumnDataSource.m */ = {isa = PBXFileReference; fileEncoding = 4; lastKnownFileType = sourcecode.c.objc; path = ChartsGalleryStackedColumnDataSource.m; sourceTree = "<group>"; };
		681815FA19C6F8F300D10022 /* ChartsGallery-stackedColumn-data.plist */ = {isa = PBXFileReference; lastKnownFileType = file.bplist; path = "ChartsGallery-stackedColumn-data.plist"; sourceTree = "<group>"; };
		681815FC19C7079900D10022 /* ChartsGalleryStepViewController.h */ = {isa = PBXFileReference; fileEncoding = 4; lastKnownFileType = sourcecode.c.h; path = ChartsGalleryStepViewController.h; sourceTree = "<group>"; };
		681815FE19C707CB00D10022 /* ChartsGalleryStepViewController.m */ = {isa = PBXFileReference; fileEncoding = 4; lastKnownFileType = sourcecode.c.objc; lineEnding = 0; path = ChartsGalleryStepViewController.m; sourceTree = "<group>"; xcLanguageSpecificationIdentifier = xcode.lang.objc; };
		6818160019C707D600D10022 /* ChartsGalleryStepDataSource.h */ = {isa = PBXFileReference; fileEncoding = 4; lastKnownFileType = sourcecode.c.h; path = ChartsGalleryStepDataSource.h; sourceTree = "<group>"; };
		6818160119C707EC00D10022 /* ChartsGalleryStepDataSource.m */ = {isa = PBXFileReference; fileEncoding = 4; lastKnownFileType = sourcecode.c.objc; path = ChartsGalleryStepDataSource.m; sourceTree = "<group>"; };
		6818160319C7084C00D10022 /* ChartsGallery-step-data.plist */ = {isa = PBXFileReference; lastKnownFileType = file.bplist; path = "ChartsGallery-step-data.plist"; sourceTree = "<group>"; };
		6818160619C70F6400D10022 /* ChartsGalleryCandlestickViewController.h */ = {isa = PBXFileReference; fileEncoding = 4; lastKnownFileType = sourcecode.c.h; path = ChartsGalleryCandlestickViewController.h; sourceTree = "<group>"; };
		6818160719C70F6400D10022 /* ChartsGalleryCandlestickViewController.m */ = {isa = PBXFileReference; fileEncoding = 4; lastKnownFileType = sourcecode.c.objc; lineEnding = 0; path = ChartsGalleryCandlestickViewController.m; sourceTree = "<group>"; xcLanguageSpecificationIdentifier = xcode.lang.objc; };
		6818160819C70F6400D10022 /* ChartsGalleryCandlestickDataSource.h */ = {isa = PBXFileReference; fileEncoding = 4; lastKnownFileType = sourcecode.c.h; path = ChartsGalleryCandlestickDataSource.h; sourceTree = "<group>"; };
		6818160919C70F6400D10022 /* ChartsGalleryCandlestickDataSource.m */ = {isa = PBXFileReference; fileEncoding = 4; lastKnownFileType = sourcecode.c.objc; path = ChartsGalleryCandlestickDataSource.m; sourceTree = "<group>"; };
		6818162619C713D000D10022 /* ChartsGallery-ohlc-data.plist */ = {isa = PBXFileReference; fileEncoding = 4; lastKnownFileType = text.plist.xml; path = "ChartsGallery-ohlc-data.plist"; sourceTree = "<group>"; };
		6818162919C740A200D10022 /* ChartsGalleryOHLCViewController.h */ = {isa = PBXFileReference; fileEncoding = 4; lastKnownFileType = sourcecode.c.h; lineEnding = 0; path = ChartsGalleryOHLCViewController.h; sourceTree = "<group>"; xcLanguageSpecificationIdentifier = xcode.lang.objcpp; };
		6818162A19C740AD00D10022 /* ChartsGalleryOHLCViewController.m */ = {isa = PBXFileReference; fileEncoding = 4; lastKnownFileType = sourcecode.c.objc; lineEnding = 0; path = ChartsGalleryOHLCViewController.m; sourceTree = "<group>"; xcLanguageSpecificationIdentifier = xcode.lang.objc; };
		6818162C19C740B800D10022 /* ChartsGalleryOHLCDataSource.h */ = {isa = PBXFileReference; fileEncoding = 4; lastKnownFileType = sourcecode.c.h; lineEnding = 0; path = ChartsGalleryOHLCDataSource.h; sourceTree = "<group>"; xcLanguageSpecificationIdentifier = xcode.lang.objcpp; };
		6818162D19C740C700D10022 /* ChartsGalleryOHLCDataSource.m */ = {isa = PBXFileReference; fileEncoding = 4; lastKnownFileType = sourcecode.c.objc; lineEnding = 0; path = ChartsGalleryOHLCDataSource.m; sourceTree = "<group>"; xcLanguageSpecificationIdentifier = xcode.lang.objc; };
		6818163219C81FCC00D10022 /* ChartsGalleryBandViewController.h */ = {isa = PBXFileReference; fileEncoding = 4; lastKnownFileType = sourcecode.c.h; path = ChartsGalleryBandViewController.h; sourceTree = "<group>"; };
		6818163319C81FD900D10022 /* ChartsGalleryBandViewController.m */ = {isa = PBXFileReference; fileEncoding = 4; lastKnownFileType = sourcecode.c.objc; lineEnding = 0; path = ChartsGalleryBandViewController.m; sourceTree = "<group>"; xcLanguageSpecificationIdentifier = xcode.lang.objc; };
		6818163519C81FE400D10022 /* ChartsGalleryBandDataSource.h */ = {isa = PBXFileReference; fileEncoding = 4; lastKnownFileType = sourcecode.c.h; path = ChartsGalleryBandDataSource.h; sourceTree = "<group>"; };
		6818163619C81FF200D10022 /* ChartsGalleryBandDataSource.m */ = {isa = PBXFileReference; fileEncoding = 4; lastKnownFileType = sourcecode.c.objc; path = ChartsGalleryBandDataSource.m; sourceTree = "<group>"; };
		6818163A19C82C4B00D10022 /* ChartsGallery-band-data.plist */ = {isa = PBXFileReference; fileEncoding = 4; lastKnownFileType = text.plist.xml; path = "ChartsGallery-band-data.plist"; sourceTree = "<group>"; };
		6818163C19C83A3F00D10022 /* ChartsGalleryMultiYDataSource.h */ = {isa = PBXFileReference; fileEncoding = 4; lastKnownFileType = sourcecode.c.h; path = ChartsGalleryMultiYDataSource.h; sourceTree = "<group>"; };
		6818163D19C83A3F00D10022 /* ChartsGalleryMultiYDataSource.m */ = {isa = PBXFileReference; fileEncoding = 4; lastKnownFileType = sourcecode.c.objc; path = ChartsGalleryMultiYDataSource.m; sourceTree = "<group>"; };
		6818164319C84F3300D10022 /* ChartsGallery-scatter-data.plist */ = {isa = PBXFileReference; fileEncoding = 4; lastKnownFileType = text.plist.xml; path = "ChartsGallery-scatter-data.plist"; sourceTree = "<group>"; };
		6818164519C84F6900D10022 /* ChartsGalleryScatterDataSource.h */ = {isa = PBXFileReference; fileEncoding = 4; lastKnownFileType = sourcecode.c.h; lineEnding = 0; path = ChartsGalleryScatterDataSource.h; sourceTree = "<group>"; xcLanguageSpecificationIdentifier = xcode.lang.objcpp; };
		6818164619C84F7600D10022 /* ChartsGalleryScatterDataSource.m */ = {isa = PBXFileReference; fileEncoding = 4; lastKnownFileType = sourcecode.c.objc; lineEnding = 0; path = ChartsGalleryScatterDataSource.m; sourceTree = "<group>"; xcLanguageSpecificationIdentifier = xcode.lang.objc; };
		6818164819C84F8100D10022 /* ChartsGalleryScatterViewController.h */ = {isa = PBXFileReference; fileEncoding = 4; lastKnownFileType = sourcecode.c.h; lineEnding = 0; path = ChartsGalleryScatterViewController.h; sourceTree = "<group>"; xcLanguageSpecificationIdentifier = xcode.lang.objcpp; };
		6818164919C84F9400D10022 /* ChartsGalleryScatterViewController.m */ = {isa = PBXFileReference; fileEncoding = 4; lastKnownFileType = sourcecode.c.objc; lineEnding = 0; path = ChartsGalleryScatterViewController.m; sourceTree = "<group>"; xcLanguageSpecificationIdentifier = xcode.lang.objc; };
		6818164B19C862DD00D10022 /* ChartsGalleryBubbleViewController.h */ = {isa = PBXFileReference; fileEncoding = 4; lastKnownFileType = sourcecode.c.h; path = ChartsGalleryBubbleViewController.h; sourceTree = "<group>"; };
		6818164C19C862E600D10022 /* ChartsGalleryBubbleViewController.m */ = {isa = PBXFileReference; fileEncoding = 4; lastKnownFileType = sourcecode.c.objc; lineEnding = 0; path = ChartsGalleryBubbleViewController.m; sourceTree = "<group>"; xcLanguageSpecificationIdentifier = xcode.lang.objc; };
		6818164E19C862F000D10022 /* ChartsGalleryBubbleDataSource.h */ = {isa = PBXFileReference; fileEncoding = 4; lastKnownFileType = sourcecode.c.h; path = ChartsGalleryBubbleDataSource.h; sourceTree = "<group>"; };
		6818164F19C862FA00D10022 /* ChartsGalleryBubbleDataSource.m */ = {isa = PBXFileReference; fileEncoding = 4; lastKnownFileType = sourcecode.c.objc; path = ChartsGalleryBubbleDataSource.m; sourceTree = "<group>"; };
		6818165419C8642A00D10022 /* ChartsGalleryBubbleSeries.h */ = {isa = PBXFileReference; fileEncoding = 4; lastKnownFileType = sourcecode.c.h; path = ChartsGalleryBubbleSeries.h; sourceTree = "<group>"; };
		6818165519C8642A00D10022 /* ChartsGalleryBubbleSeries.m */ = {isa = PBXFileReference; fileEncoding = 4; lastKnownFileType = sourcecode.c.objc; path = ChartsGalleryBubbleSeries.m; sourceTree = "<group>"; };
		6818165719C8835700D10022 /* ChartsGallery-bubble-data.plist */ = {isa = PBXFileReference; lastKnownFileType = file.bplist; path = "ChartsGallery-bubble-data.plist"; sourceTree = "<group>"; };
		68229E9119BDA7E7004B5A17 /* ChartsGalleryLineViewController.h */ = {isa = PBXFileReference; fileEncoding = 4; lastKnownFileType = sourcecode.c.h; path = ChartsGalleryLineViewController.h; sourceTree = "<group>"; };
		68229E9219BDA7E7004B5A17 /* ChartsGalleryLineViewController.m */ = {isa = PBXFileReference; fileEncoding = 4; lastKnownFileType = sourcecode.c.objc; lineEnding = 0; path = ChartsGalleryLineViewController.m; sourceTree = "<group>"; xcLanguageSpecificationIdentifier = xcode.lang.objc; };
		68229E9319BDA7E7004B5A17 /* ChartsGalleryLineDataSource.h */ = {isa = PBXFileReference; fileEncoding = 4; lastKnownFileType = sourcecode.c.h; path = ChartsGalleryLineDataSource.h; sourceTree = "<group>"; };
		68229E9419BDA7E7004B5A17 /* ChartsGalleryLineDataSource.m */ = {isa = PBXFileReference; fileEncoding = 4; lastKnownFileType = sourcecode.c.objc; path = ChartsGalleryLineDataSource.m; sourceTree = "<group>"; };
		68229E9519BDA7E7004B5A17 /* ChartsGallery-line-data.plist */ = {isa = PBXFileReference; lastKnownFileType = file.bplist; path = "ChartsGallery-line-data.plist"; sourceTree = "<group>"; };
		68229E9A19BDB234004B5A17 /* ChartsGalleryAlternateLineViewController.h */ = {isa = PBXFileReference; fileEncoding = 4; lastKnownFileType = sourcecode.c.h; path = ChartsGalleryAlternateLineViewController.h; sourceTree = "<group>"; };
		68229E9B19BDB234004B5A17 /* ChartsGalleryAlternateLineViewController.m */ = {isa = PBXFileReference; fileEncoding = 4; lastKnownFileType = sourcecode.c.objc; lineEnding = 0; path = ChartsGalleryAlternateLineViewController.m; sourceTree = "<group>"; xcLanguageSpecificationIdentifier = xcode.lang.objc; };
		68229E9C19BDB234004B5A17 /* ChartsGalleryAlternateLineDataSource.h */ = {isa = PBXFileReference; fileEncoding = 4; lastKnownFileType = sourcecode.c.h; path = ChartsGalleryAlternateLineDataSource.h; sourceTree = "<group>"; };
		68229E9D19BDB234004B5A17 /* ChartsGalleryAlternateLineDataSource.m */ = {isa = PBXFileReference; fileEncoding = 4; lastKnownFileType = sourcecode.c.objc; path = ChartsGalleryAlternateLineDataSource.m; sourceTree = "<group>"; };
		68229EA619BDCDA7004B5A17 /* ChartsGalleryAreaViewController.h */ = {isa = PBXFileReference; fileEncoding = 4; lastKnownFileType = sourcecode.c.h; path = ChartsGalleryAreaViewController.h; sourceTree = "<group>"; };
		68229EA719BDCDA7004B5A17 /* ChartsGalleryAreaViewController.m */ = {isa = PBXFileReference; fileEncoding = 4; lastKnownFileType = sourcecode.c.objc; lineEnding = 0; path = ChartsGalleryAreaViewController.m; sourceTree = "<group>"; xcLanguageSpecificationIdentifier = xcode.lang.objc; };
		68229EA819BDCDA7004B5A17 /* ChartsGalleryAreaDataSource.h */ = {isa = PBXFileReference; fileEncoding = 4; lastKnownFileType = sourcecode.c.h; path = ChartsGalleryAreaDataSource.h; sourceTree = "<group>"; };
		68229EA919BDCDA7004B5A17 /* ChartsGalleryAreaDataSource.m */ = {isa = PBXFileReference; fileEncoding = 4; lastKnownFileType = sourcecode.c.objc; path = ChartsGalleryAreaDataSource.m; sourceTree = "<group>"; };
		68229EAC19BDCF56004B5A17 /* ChartsGallery-area-data.plist */ = {isa = PBXFileReference; lastKnownFileType = file.bplist; path = "ChartsGallery-area-data.plist"; sourceTree = "<group>"; };
		68229EB119BDD35E004B5A17 /* ChartsGalleryStackedLineDataSource.h */ = {isa = PBXFileReference; fileEncoding = 4; lastKnownFileType = sourcecode.c.h; path = ChartsGalleryStackedLineDataSource.h; sourceTree = "<group>"; };
		68229EB219BDD35E004B5A17 /* ChartsGalleryStackedLineDataSource.m */ = {isa = PBXFileReference; fileEncoding = 4; lastKnownFileType = sourcecode.c.objc; path = ChartsGalleryStackedLineDataSource.m; sourceTree = "<group>"; };
		68229EB319BDD35E004B5A17 /* ChartsGalleryStackedLineViewController.h */ = {isa = PBXFileReference; fileEncoding = 4; lastKnownFileType = sourcecode.c.h; path = ChartsGalleryStackedLineViewController.h; sourceTree = "<group>"; };
		68229EB419BDD35E004B5A17 /* ChartsGalleryStackedLineViewController.m */ = {isa = PBXFileReference; fileEncoding = 4; lastKnownFileType = sourcecode.c.objc; lineEnding = 0; path = ChartsGalleryStackedLineViewController.m; sourceTree = "<group>"; xcLanguageSpecificationIdentifier = xcode.lang.objc; };
		68229EB719BDD3F3004B5A17 /* ChartsGallery-stackedLine-data.plist */ = {isa = PBXFileReference; lastKnownFileType = file.bplist; path = "ChartsGallery-stackedLine-data.plist"; sourceTree = "<group>"; };
		68229EBA19BDD864004B5A17 /* ChartsGalleryStackedAreaViewController.h */ = {isa = PBXFileReference; fileEncoding = 4; lastKnownFileType = sourcecode.c.h; path = ChartsGalleryStackedAreaViewController.h; sourceTree = "<group>"; };
		68229EBB19BDD864004B5A17 /* ChartsGalleryStackedAreaViewController.m */ = {isa = PBXFileReference; fileEncoding = 4; lastKnownFileType = sourcecode.c.objc; lineEnding = 0; path = ChartsGalleryStackedAreaViewController.m; sourceTree = "<group>"; xcLanguageSpecificationIdentifier = xcode.lang.objc; };
		68229EBC19BDD864004B5A17 /* ChartsGalleryStackedAreaDataSource.h */ = {isa = PBXFileReference; fileEncoding = 4; lastKnownFileType = sourcecode.c.h; path = ChartsGalleryStackedAreaDataSource.h; sourceTree = "<group>"; };
		68229EBD19BDD864004B5A17 /* ChartsGalleryStackedAreaDataSource.m */ = {isa = PBXFileReference; fileEncoding = 4; lastKnownFileType = sourcecode.c.objc; path = ChartsGalleryStackedAreaDataSource.m; sourceTree = "<group>"; };
		68229EC019BDEFAF004B5A17 /* ChartsGalleryCommonDateDataSource.h */ = {isa = PBXFileReference; fileEncoding = 4; lastKnownFileType = sourcecode.c.h; path = ChartsGalleryCommonDateDataSource.h; sourceTree = "<group>"; };
		68229EC119BDEFAF004B5A17 /* ChartsGalleryCommonDateDataSource.m */ = {isa = PBXFileReference; fileEncoding = 4; lastKnownFileType = sourcecode.c.objc; path = ChartsGalleryCommonDateDataSource.m; sourceTree = "<group>"; };
		68229EC319BDF693004B5A17 /* ChartsGallery-alternateLine-data.plist */ = {isa = PBXFileReference; fileEncoding = 4; lastKnownFileType = text.plist.xml; path = "ChartsGallery-alternateLine-data.plist"; sourceTree = "<group>"; };
		68229EC819BEF0DD004B5A17 /* ChartsGalleryBarViewController.h */ = {isa = PBXFileReference; fileEncoding = 4; lastKnownFileType = sourcecode.c.h; path = ChartsGalleryBarViewController.h; sourceTree = "<group>"; };
		68229EC919BEF0DD004B5A17 /* ChartsGalleryBarViewController.m */ = {isa = PBXFileReference; fileEncoding = 4; lastKnownFileType = sourcecode.c.objc; lineEnding = 0; path = ChartsGalleryBarViewController.m; sourceTree = "<group>"; xcLanguageSpecificationIdentifier = xcode.lang.objc; };
		68229ECA19BEF0DD004B5A17 /* ChartsGalleryBarDataSource.h */ = {isa = PBXFileReference; fileEncoding = 4; lastKnownFileType = sourcecode.c.h; path = ChartsGalleryBarDataSource.h; sourceTree = "<group>"; };
		68229ECB19BEF0DD004B5A17 /* ChartsGalleryBarDataSource.m */ = {isa = PBXFileReference; fileEncoding = 4; lastKnownFileType = sourcecode.c.objc; path = ChartsGalleryBarDataSource.m; sourceTree = "<group>"; };
		6853D95719B5EB2400735962 /* ChartsGalleryMultitypeViewController.h */ = {isa = PBXFileReference; fileEncoding = 4; lastKnownFileType = sourcecode.c.h; path = ChartsGalleryMultitypeViewController.h; sourceTree = "<group>"; };
		6853D95819B5EB2400735962 /* ChartsGalleryMultitypeViewController.m */ = {isa = PBXFileReference; fileEncoding = 4; lastKnownFileType = sourcecode.c.objc; lineEnding = 0; path = ChartsGalleryMultitypeViewController.m; sourceTree = "<group>"; xcLanguageSpecificationIdentifier = xcode.lang.objc; };
		6853D95919B5EB2400735962 /* ChartsGalleryMultitypeDataSource.h */ = {isa = PBXFileReference; fileEncoding = 4; lastKnownFileType = sourcecode.c.h; path = ChartsGalleryMultitypeDataSource.h; sourceTree = "<group>"; };
		6853D95A19B5EB2400735962 /* ChartsGalleryMultitypeDataSource.m */ = {isa = PBXFileReference; fileEncoding = 4; lastKnownFileType = sourcecode.c.objc; path = ChartsGalleryMultitypeDataSource.m; sourceTree = "<group>"; };
		68C6318B19B5A7A2009BFDC0 /* ShinobiCharts.framework */ = {isa = PBXFileReference; lastKnownFileType = wrapper.framework; name = ShinobiCharts.framework; path = Library/Frameworks/ShinobiCharts.framework; sourceTree = DEVELOPER_DIR; };
		68C6318E19B5A7A9009BFDC0 /* libstdc++.dylib */ = {isa = PBXFileReference; lastKnownFileType = "compiled.mach-o.dylib"; name = "libstdc++.dylib"; path = "usr/lib/libstdc++.dylib"; sourceTree = SDKROOT; };
		68C6319119B5AB44009BFDC0 /* ChartsGalleryPieViewController.h */ = {isa = PBXFileReference; fileEncoding = 4; lastKnownFileType = sourcecode.c.h; path = ChartsGalleryPieViewController.h; sourceTree = "<group>"; };
		68C6319219B5AB44009BFDC0 /* ChartsGalleryPieViewController.m */ = {isa = PBXFileReference; fileEncoding = 4; lastKnownFileType = sourcecode.c.objc; lineEnding = 0; path = ChartsGalleryPieViewController.m; sourceTree = "<group>"; xcLanguageSpecificationIdentifier = xcode.lang.objc; };
		68C6319419B5AD8F009BFDC0 /* ChartsGalleryPieDataSource.h */ = {isa = PBXFileReference; fileEncoding = 4; lastKnownFileType = sourcecode.c.h; path = ChartsGalleryPieDataSource.h; sourceTree = "<group>"; };
		68C6319519B5AD8F009BFDC0 /* ChartsGalleryPieDataSource.m */ = {isa = PBXFileReference; fileEncoding = 4; lastKnownFileType = sourcecode.c.objc; path = ChartsGalleryPieDataSource.m; sourceTree = "<group>"; };
		68C6319819B5AE30009BFDC0 /* ChartsGalleryCommonDataSource.h */ = {isa = PBXFileReference; fileEncoding = 4; lastKnownFileType = sourcecode.c.h; path = ChartsGalleryCommonDataSource.h; sourceTree = "<group>"; };
		68C6319919B5AE30009BFDC0 /* ChartsGalleryCommonDataSource.m */ = {isa = PBXFileReference; fileEncoding = 4; lastKnownFileType = sourcecode.c.objc; path = ChartsGalleryCommonDataSource.m; sourceTree = "<group>"; };
		68C6319A19B5AE30009BFDC0 /* ChartsGalleryProportionDataSource.h */ = {isa = PBXFileReference; fileEncoding = 4; lastKnownFileType = sourcecode.c.h; path = ChartsGalleryProportionDataSource.h; sourceTree = "<group>"; };
		68C6319B19B5AE30009BFDC0 /* ChartsGalleryProportionDataSource.m */ = {isa = PBXFileReference; fileEncoding = 4; lastKnownFileType = sourcecode.c.objc; path = ChartsGalleryProportionDataSource.m; sourceTree = "<group>"; };
		68C6319F19B5B5DA009BFDC0 /* ChartsGalleryDonutViewController.h */ = {isa = PBXFileReference; fileEncoding = 4; lastKnownFileType = sourcecode.c.h; path = ChartsGalleryDonutViewController.h; sourceTree = "<group>"; };
		68C631A019B5B5DA009BFDC0 /* ChartsGalleryDonutViewController.m */ = {isa = PBXFileReference; fileEncoding = 4; lastKnownFileType = sourcecode.c.objc; lineEnding = 0; path = ChartsGalleryDonutViewController.m; sourceTree = "<group>"; xcLanguageSpecificationIdentifier = xcode.lang.objc; };
		68C631A219B5B639009BFDC0 /* ChartsGalleryDonutDataSource.h */ = {isa = PBXFileReference; fileEncoding = 4; lastKnownFileType = sourcecode.c.h; path = ChartsGalleryDonutDataSource.h; sourceTree = "<group>"; };
		68C631A319B5B639009BFDC0 /* ChartsGalleryDonutDataSource.m */ = {isa = PBXFileReference; fileEncoding = 4; lastKnownFileType = sourcecode.c.objc; path = ChartsGalleryDonutDataSource.m; sourceTree = "<group>"; };
		68D4708B19BF1E83001B1D0D /* ChartsGalleryColumnViewController.h */ = {isa = PBXFileReference; fileEncoding = 4; lastKnownFileType = sourcecode.c.h; path = ChartsGalleryColumnViewController.h; sourceTree = "<group>"; };
		68D4708C19BF1E83001B1D0D /* ChartsGalleryColumnViewController.m */ = {isa = PBXFileReference; fileEncoding = 4; lastKnownFileType = sourcecode.c.objc; lineEnding = 0; path = ChartsGalleryColumnViewController.m; sourceTree = "<group>"; xcLanguageSpecificationIdentifier = xcode.lang.objc; };
		68D4708D19BF1E83001B1D0D /* ChartsGalleryColumnDataSource.h */ = {isa = PBXFileReference; fileEncoding = 4; lastKnownFileType = sourcecode.c.h; path = ChartsGalleryColumnDataSource.h; sourceTree = "<group>"; };
		68D4708E19BF1E83001B1D0D /* ChartsGalleryColumnDataSource.m */ = {isa = PBXFileReference; fileEncoding = 4; lastKnownFileType = sourcecode.c.objc; path = ChartsGalleryColumnDataSource.m; sourceTree = "<group>"; };
		68D4709119BF1E96001B1D0D /* ChartsGallery-column-data.plist */ = {isa = PBXFileReference; lastKnownFileType = file.bplist; path = "ChartsGallery-column-data.plist"; sourceTree = "<group>"; };
		68D4709319BF2140001B1D0D /* ChartsGallery-bar-data.plist */ = {isa = PBXFileReference; lastKnownFileType = file.bplist; path = "ChartsGallery-bar-data.plist"; sourceTree = "<group>"; };
		68D4709619BF40DC001B1D0D /* ChartsGalleryCommonViewController.h */ = {isa = PBXFileReference; fileEncoding = 4; lastKnownFileType = sourcecode.c.h; path = ChartsGalleryCommonViewController.h; sourceTree = "<group>"; };
		68D4709719BF40DC001B1D0D /* ChartsGalleryCommonViewController.m */ = {isa = PBXFileReference; fileEncoding = 4; lastKnownFileType = sourcecode.c.objc; path = ChartsGalleryCommonViewController.m; sourceTree = "<group>"; };
		68D4709919BF537F001B1D0D /* ChartsGallery-multitype-data.plist */ = {isa = PBXFileReference; lastKnownFileType = file.bplist; path = "ChartsGallery-multitype-data.plist"; sourceTree = "<group>"; };
		68D4709C19C0355C001B1D0D /* ChartsGalleryHistogramDataSource.h */ = {isa = PBXFileReference; fileEncoding = 4; lastKnownFileType = sourcecode.c.h; path = ChartsGalleryHistogramDataSource.h; sourceTree = "<group>"; };
		68D4709D19C0355C001B1D0D /* ChartsGalleryHistogramDataSource.m */ = {isa = PBXFileReference; fileEncoding = 4; lastKnownFileType = sourcecode.c.objc; path = ChartsGalleryHistogramDataSource.m; sourceTree = "<group>"; };
		68D4709E19C0355C001B1D0D /* ChartsGalleryHistogramViewController.h */ = {isa = PBXFileReference; fileEncoding = 4; lastKnownFileType = sourcecode.c.h; path = ChartsGalleryHistogramViewController.h; sourceTree = "<group>"; };
		68D4709F19C0355C001B1D0D /* ChartsGalleryHistogramViewController.m */ = {isa = PBXFileReference; fileEncoding = 4; lastKnownFileType = sourcecode.c.objc; lineEnding = 0; path = ChartsGalleryHistogramViewController.m; sourceTree = "<group>"; xcLanguageSpecificationIdentifier = xcode.lang.objc; };
		68D470A219C0369A001B1D0D /* ChartsGallery-histogram-data.plist */ = {isa = PBXFileReference; lastKnownFileType = file.bplist; path = "ChartsGallery-histogram-data.plist"; sourceTree = "<group>"; };
/* End PBXFileReference section */

/* Begin PBXFrameworksBuildPhase section */
		68171BDA19ADDBC5000AFEEB /* Frameworks */ = {
			isa = PBXFrameworksBuildPhase;
			buildActionMask = 2147483647;
			files = (
				68C6318C19B5A7A2009BFDC0 /* ShinobiCharts.framework in Frameworks */,
				68C6318F19B5A7A9009BFDC0 /* libstdc++.dylib in Frameworks */,
				68171C2219ADDCD6000AFEEB /* libShinobiPlayUtils.a in Frameworks */,
				68171C1619ADDC04000AFEEB /* QuartzCore.framework in Frameworks */,
				68171BE319ADDBC5000AFEEB /* CoreGraphics.framework in Frameworks */,
				68171BE519ADDBC5000AFEEB /* UIKit.framework in Frameworks */,
				68171BE119ADDBC5000AFEEB /* Foundation.framework in Frameworks */,
			);
			runOnlyForDeploymentPostprocessing = 0;
		};
/* End PBXFrameworksBuildPhase section */

/* Begin PBXGroup section */
		68171BD419ADDBC5000AFEEB = {
			isa = PBXGroup;
			children = (
				68171C1719ADDC45000AFEEB /* ShinobiPlayUtils.xcodeproj */,
				68171BE619ADDBC5000AFEEB /* ChartsGallery */,
				68171BDF19ADDBC5000AFEEB /* Frameworks */,
				68171BDE19ADDBC5000AFEEB /* Products */,
			);
			sourceTree = "<group>";
		};
		68171BDE19ADDBC5000AFEEB /* Products */ = {
			isa = PBXGroup;
			children = (
				68171BDD19ADDBC5000AFEEB /* ChartsGallery.app */,
			);
			name = Products;
			sourceTree = "<group>";
		};
		68171BDF19ADDBC5000AFEEB /* Frameworks */ = {
			isa = PBXGroup;
			children = (
				68C6318E19B5A7A9009BFDC0 /* libstdc++.dylib */,
				68C6318B19B5A7A2009BFDC0 /* ShinobiCharts.framework */,
				68171C1519ADDC04000AFEEB /* QuartzCore.framework */,
				68171BE019ADDBC5000AFEEB /* Foundation.framework */,
				68171BE219ADDBC5000AFEEB /* CoreGraphics.framework */,
				68171BE419ADDBC5000AFEEB /* UIKit.framework */,
				68171BFF19ADDBC5000AFEEB /* XCTest.framework */,
			);
			name = Frameworks;
			sourceTree = "<group>";
		};
		68171BE619ADDBC5000AFEEB /* ChartsGallery */ = {
			isa = PBXGroup;
			children = (
				68229E8F19BDA7C1004B5A17 /* LineChart */,
				68229E9919BDB219004B5A17 /* AlternateLineChart */,
				68229EAF19BDD346004B5A17 /* StackedLineChart */,
				68229EA419BDCD7A004B5A17 /* AreaChart */,
				68229EB919BDD850004B5A17 /* StackedAreaChart */,
				68229EC619BEF0C0004B5A17 /* BarChart */,
				68D4708919BF1E62001B1D0D /* ColumnChart */,
				68D4709B19C0350B001B1D0D /* Histogram */,
				681815EC19C6F13100D10022 /* StackedBarChart */,
				681815F319C6F74500D10022 /* StackedColumnChart */,
				681815FD19C7079E00D10022 /* StepChart */,
				6818160519C70F1400D10022 /* Candlestick */,
				6818162819C7407F00D10022 /* OHLCChart */,
				6818162F19C81FA700D10022 /* BandChart */,
				6853D95519B5EB0F00735962 /* MultiChart */,
				68C6319019B5AAF5009BFDC0 /* PieChart */,
				68C6319E19B5B573009BFDC0 /* DonutChart */,
				6818163F19C83BF500D10022 /* ScatterChart */,
				6818165119C8630100D10022 /* BubbleChart */,
				68C6319719B5AE23009BFDC0 /* DataSources */,
				68171BEF19ADDBC5000AFEEB /* ChartsGalleryAppDelegate.h */,
				68171BF019ADDBC5000AFEEB /* ChartsGalleryAppDelegate.m */,
				68171BF219ADDBC5000AFEEB /* ChartsGallery.storyboard */,
				68171BF519ADDBC5000AFEEB /* ChartsGalleryViewController.h */,
				68171BF619ADDBC5000AFEEB /* ChartsGalleryViewController.m */,
				68D4709619BF40DC001B1D0D /* ChartsGalleryCommonViewController.h */,
				68D4709719BF40DC001B1D0D /* ChartsGalleryCommonViewController.m */,
				68171BF819ADDBC5000AFEEB /* Images.xcassets */,
				68171BE719ADDBC5000AFEEB /* Supporting Files */,
			);
			path = ChartsGallery;
			sourceTree = "<group>";
		};
		68171BE719ADDBC5000AFEEB /* Supporting Files */ = {
			isa = PBXGroup;
			children = (
				68171BE819ADDBC5000AFEEB /* ChartsGallery-Info.plist */,
				68171BE919ADDBC5000AFEEB /* InfoPlist.strings */,
				68171BEC19ADDBC5000AFEEB /* main.m */,
				68171BEE19ADDBC5000AFEEB /* ChartsGallery-Prefix.pch */,
			);
			name = "Supporting Files";
			sourceTree = "<group>";
		};
		68171C1819ADDC45000AFEEB /* Products */ = {
			isa = PBXGroup;
			children = (
				68171C1D19ADDC45000AFEEB /* libShinobiPlayUtils.a */,
				68171C1F19ADDC45000AFEEB /* ShinobiPlayUtilsTests.xctest */,
			);
			name = Products;
			sourceTree = "<group>";
		};
		681815EC19C6F13100D10022 /* StackedBarChart */ = {
			isa = PBXGroup;
			children = (
				681815ED19C6F14C00D10022 /* ChartsGalleryStackedBarDataSource.h */,
				681815EE19C6F14C00D10022 /* ChartsGalleryStackedBarDataSource.m */,
				681815EF19C6F14C00D10022 /* ChartsGalleryStackedBarViewController.h */,
				681815F019C6F14C00D10022 /* ChartsGalleryStackedBarViewController.m */,
			);
			name = StackedBarChart;
			sourceTree = "<group>";
		};
		681815F319C6F74500D10022 /* StackedColumnChart */ = {
			isa = PBXGroup;
			children = (
				681815FA19C6F8F300D10022 /* ChartsGallery-stackedColumn-data.plist */,
				681815F419C6F87000D10022 /* ChartsGalleryStackedColumnViewController.h */,
				681815F519C6F88B00D10022 /* ChartsGalleryStackedColumnViewController.m */,
				681815F719C6F8BA00D10022 /* ChartsGalleryStackedColumnDataSource.h */,
				681815F819C6F8C400D10022 /* ChartsGalleryStackedColumnDataSource.m */,
			);
			name = StackedColumnChart;
			sourceTree = "<group>";
		};
		681815FD19C7079E00D10022 /* StepChart */ = {
			isa = PBXGroup;
			children = (
				6818160319C7084C00D10022 /* ChartsGallery-step-data.plist */,
				681815FC19C7079900D10022 /* ChartsGalleryStepViewController.h */,
				681815FE19C707CB00D10022 /* ChartsGalleryStepViewController.m */,
				6818160019C707D600D10022 /* ChartsGalleryStepDataSource.h */,
				6818160119C707EC00D10022 /* ChartsGalleryStepDataSource.m */,
			);
			name = StepChart;
			sourceTree = "<group>";
		};
		6818160519C70F1400D10022 /* Candlestick */ = {
			isa = PBXGroup;
			children = (
				6818160619C70F6400D10022 /* ChartsGalleryCandlestickViewController.h */,
				6818160719C70F6400D10022 /* ChartsGalleryCandlestickViewController.m */,
				6818160819C70F6400D10022 /* ChartsGalleryCandlestickDataSource.h */,
				6818160919C70F6400D10022 /* ChartsGalleryCandlestickDataSource.m */,
			);
			name = Candlestick;
			sourceTree = "<group>";
		};
		6818162819C7407F00D10022 /* OHLCChart */ = {
			isa = PBXGroup;
			children = (
				6818162619C713D000D10022 /* ChartsGallery-ohlc-data.plist */,
				6818162919C740A200D10022 /* ChartsGalleryOHLCViewController.h */,
				6818162A19C740AD00D10022 /* ChartsGalleryOHLCViewController.m */,
				6818162C19C740B800D10022 /* ChartsGalleryOHLCDataSource.h */,
				6818162D19C740C700D10022 /* ChartsGalleryOHLCDataSource.m */,
			);
			name = OHLCChart;
			sourceTree = "<group>";
		};
		6818162F19C81FA700D10022 /* BandChart */ = {
			isa = PBXGroup;
			children = (
				6818163A19C82C4B00D10022 /* ChartsGallery-band-data.plist */,
				6818163219C81FCC00D10022 /* ChartsGalleryBandViewController.h */,
				6818163319C81FD900D10022 /* ChartsGalleryBandViewController.m */,
				6818163519C81FE400D10022 /* ChartsGalleryBandDataSource.h */,
				6818163619C81FF200D10022 /* ChartsGalleryBandDataSource.m */,
			);
			name = BandChart;
			sourceTree = "<group>";
		};
		6818163F19C83BF500D10022 /* ScatterChart */ = {
			isa = PBXGroup;
			children = (
				6818164519C84F6900D10022 /* ChartsGalleryScatterDataSource.h */,
				6818164619C84F7600D10022 /* ChartsGalleryScatterDataSource.m */,
				6818164819C84F8100D10022 /* ChartsGalleryScatterViewController.h */,
				6818164919C84F9400D10022 /* ChartsGalleryScatterViewController.m */,
				6818164319C84F3300D10022 /* ChartsGallery-scatter-data.plist */,
			);
			name = ScatterChart;
			sourceTree = "<group>";
		};
		6818165119C8630100D10022 /* BubbleChart */ = {
			isa = PBXGroup;
			children = (
				6818165719C8835700D10022 /* ChartsGallery-bubble-data.plist */,
				6818164B19C862DD00D10022 /* ChartsGalleryBubbleViewController.h */,
				6818164C19C862E600D10022 /* ChartsGalleryBubbleViewController.m */,
				6818164E19C862F000D10022 /* ChartsGalleryBubbleDataSource.h */,
				6818164F19C862FA00D10022 /* ChartsGalleryBubbleDataSource.m */,
				6818165419C8642A00D10022 /* ChartsGalleryBubbleSeries.h */,
				6818165519C8642A00D10022 /* ChartsGalleryBubbleSeries.m */,
			);
			name = BubbleChart;
			sourceTree = "<group>";
		};
		68229E8F19BDA7C1004B5A17 /* LineChart */ = {
			isa = PBXGroup;
			children = (
				68229E9119BDA7E7004B5A17 /* ChartsGalleryLineViewController.h */,
				68229E9219BDA7E7004B5A17 /* ChartsGalleryLineViewController.m */,
				68229E9319BDA7E7004B5A17 /* ChartsGalleryLineDataSource.h */,
				68229E9419BDA7E7004B5A17 /* ChartsGalleryLineDataSource.m */,
				68229E9519BDA7E7004B5A17 /* ChartsGallery-line-data.plist */,
			);
			name = LineChart;
			sourceTree = "<group>";
		};
		68229E9919BDB219004B5A17 /* AlternateLineChart */ = {
			isa = PBXGroup;
			children = (
				68229E9A19BDB234004B5A17 /* ChartsGalleryAlternateLineViewController.h */,
				68229E9B19BDB234004B5A17 /* ChartsGalleryAlternateLineViewController.m */,
				68229E9C19BDB234004B5A17 /* ChartsGalleryAlternateLineDataSource.h */,
				68229E9D19BDB234004B5A17 /* ChartsGalleryAlternateLineDataSource.m */,
				68229EC319BDF693004B5A17 /* ChartsGallery-alternateLine-data.plist */,
			);
			name = AlternateLineChart;
			sourceTree = "<group>";
		};
		68229EA419BDCD7A004B5A17 /* AreaChart */ = {
			isa = PBXGroup;
			children = (
				68229EA619BDCDA7004B5A17 /* ChartsGalleryAreaViewController.h */,
				68229EA719BDCDA7004B5A17 /* ChartsGalleryAreaViewController.m */,
				68229EA819BDCDA7004B5A17 /* ChartsGalleryAreaDataSource.h */,
				68229EA919BDCDA7004B5A17 /* ChartsGalleryAreaDataSource.m */,
				68229EAC19BDCF56004B5A17 /* ChartsGallery-area-data.plist */,
			);
			name = AreaChart;
			sourceTree = "<group>";
		};
		68229EAF19BDD346004B5A17 /* StackedLineChart */ = {
			isa = PBXGroup;
			children = (
				68229EB719BDD3F3004B5A17 /* ChartsGallery-stackedLine-data.plist */,
				68229EB119BDD35E004B5A17 /* ChartsGalleryStackedLineDataSource.h */,
				68229EB219BDD35E004B5A17 /* ChartsGalleryStackedLineDataSource.m */,
				68229EB319BDD35E004B5A17 /* ChartsGalleryStackedLineViewController.h */,
				68229EB419BDD35E004B5A17 /* ChartsGalleryStackedLineViewController.m */,
			);
			name = StackedLineChart;
			sourceTree = "<group>";
		};
		68229EB919BDD850004B5A17 /* StackedAreaChart */ = {
			isa = PBXGroup;
			children = (
				68229EBA19BDD864004B5A17 /* ChartsGalleryStackedAreaViewController.h */,
				68229EBB19BDD864004B5A17 /* ChartsGalleryStackedAreaViewController.m */,
				68229EBC19BDD864004B5A17 /* ChartsGalleryStackedAreaDataSource.h */,
				68229EBD19BDD864004B5A17 /* ChartsGalleryStackedAreaDataSource.m */,
			);
			name = StackedAreaChart;
			sourceTree = "<group>";
		};
		68229EC619BEF0C0004B5A17 /* BarChart */ = {
			isa = PBXGroup;
			children = (
				68D4709319BF2140001B1D0D /* ChartsGallery-bar-data.plist */,
				68229EC819BEF0DD004B5A17 /* ChartsGalleryBarViewController.h */,
				68229EC919BEF0DD004B5A17 /* ChartsGalleryBarViewController.m */,
				68229ECA19BEF0DD004B5A17 /* ChartsGalleryBarDataSource.h */,
				68229ECB19BEF0DD004B5A17 /* ChartsGalleryBarDataSource.m */,
			);
			name = BarChart;
			sourceTree = "<group>";
		};
		6853D95519B5EB0F00735962 /* MultiChart */ = {
			isa = PBXGroup;
			children = (
				68D4709919BF537F001B1D0D /* ChartsGallery-multitype-data.plist */,
				6853D95719B5EB2400735962 /* ChartsGalleryMultitypeViewController.h */,
				6853D95819B5EB2400735962 /* ChartsGalleryMultitypeViewController.m */,
				6853D95919B5EB2400735962 /* ChartsGalleryMultitypeDataSource.h */,
				6853D95A19B5EB2400735962 /* ChartsGalleryMultitypeDataSource.m */,
			);
			name = MultiChart;
			sourceTree = "<group>";
		};
		68C6319019B5AAF5009BFDC0 /* PieChart */ = {
			isa = PBXGroup;
			children = (
				68C6319419B5AD8F009BFDC0 /* ChartsGalleryPieDataSource.h */,
				68C6319519B5AD8F009BFDC0 /* ChartsGalleryPieDataSource.m */,
				68C6319119B5AB44009BFDC0 /* ChartsGalleryPieViewController.h */,
				68C6319219B5AB44009BFDC0 /* ChartsGalleryPieViewController.m */,
			);
			name = PieChart;
			sourceTree = "<group>";
		};
		68C6319719B5AE23009BFDC0 /* DataSources */ = {
			isa = PBXGroup;
			children = (
				68C6319819B5AE30009BFDC0 /* ChartsGalleryCommonDataSource.h */,
				68C6319919B5AE30009BFDC0 /* ChartsGalleryCommonDataSource.m */,
				68C6319A19B5AE30009BFDC0 /* ChartsGalleryProportionDataSource.h */,
				68C6319B19B5AE30009BFDC0 /* ChartsGalleryProportionDataSource.m */,
				68229EC019BDEFAF004B5A17 /* ChartsGalleryCommonDateDataSource.h */,
				68229EC119BDEFAF004B5A17 /* ChartsGalleryCommonDateDataSource.m */,
				6818163C19C83A3F00D10022 /* ChartsGalleryMultiYDataSource.h */,
				6818163D19C83A3F00D10022 /* ChartsGalleryMultiYDataSource.m */,
			);
			name = DataSources;
			sourceTree = "<group>";
		};
		68C6319E19B5B573009BFDC0 /* DonutChart */ = {
			isa = PBXGroup;
			children = (
				68C6319F19B5B5DA009BFDC0 /* ChartsGalleryDonutViewController.h */,
				68C631A019B5B5DA009BFDC0 /* ChartsGalleryDonutViewController.m */,
				68C631A219B5B639009BFDC0 /* ChartsGalleryDonutDataSource.h */,
				68C631A319B5B639009BFDC0 /* ChartsGalleryDonutDataSource.m */,
			);
			name = DonutChart;
			sourceTree = "<group>";
		};
		68D4708919BF1E62001B1D0D /* ColumnChart */ = {
			isa = PBXGroup;
			children = (
				68D4709119BF1E96001B1D0D /* ChartsGallery-column-data.plist */,
				68D4708B19BF1E83001B1D0D /* ChartsGalleryColumnViewController.h */,
				68D4708C19BF1E83001B1D0D /* ChartsGalleryColumnViewController.m */,
				68D4708D19BF1E83001B1D0D /* ChartsGalleryColumnDataSource.h */,
				68D4708E19BF1E83001B1D0D /* ChartsGalleryColumnDataSource.m */,
			);
			name = ColumnChart;
			sourceTree = "<group>";
		};
		68D4709B19C0350B001B1D0D /* Histogram */ = {
			isa = PBXGroup;
			children = (
				68D470A219C0369A001B1D0D /* ChartsGallery-histogram-data.plist */,
				68D4709C19C0355C001B1D0D /* ChartsGalleryHistogramDataSource.h */,
				68D4709D19C0355C001B1D0D /* ChartsGalleryHistogramDataSource.m */,
				68D4709E19C0355C001B1D0D /* ChartsGalleryHistogramViewController.h */,
				68D4709F19C0355C001B1D0D /* ChartsGalleryHistogramViewController.m */,
				681815E819C6E4AB00D10022 /* ChartsGalleryHistogramSeries.h */,
				681815E919C6E4AB00D10022 /* ChartsGalleryHistogramSeries.m */,
			);
			name = Histogram;
			sourceTree = "<group>";
		};
/* End PBXGroup section */

/* Begin PBXNativeTarget section */
		68171BDC19ADDBC5000AFEEB /* ChartsGallery */ = {
			isa = PBXNativeTarget;
			buildConfigurationList = 68171C0F19ADDBC5000AFEEB /* Build configuration list for PBXNativeTarget "ChartsGallery" */;
			buildPhases = (
				68171BD919ADDBC5000AFEEB /* Sources */,
				68171BDA19ADDBC5000AFEEB /* Frameworks */,
				68171BDB19ADDBC5000AFEEB /* Resources */,
			);
			buildRules = (
			);
			dependencies = (
				68171C2119ADDCCB000AFEEB /* PBXTargetDependency */,
			);
			name = ChartsGallery;
			productName = ChartsGallery;
			productReference = 68171BDD19ADDBC5000AFEEB /* ChartsGallery.app */;
			productType = "com.apple.product-type.application";
		};
/* End PBXNativeTarget section */

/* Begin PBXProject section */
		68171BD519ADDBC5000AFEEB /* Project object */ = {
			isa = PBXProject;
			attributes = {
				CLASSPREFIX = ChartsGallery;
				LastUpgradeCheck = 0510;
				ORGANIZATIONNAME = "Alison Clarke";
			};
			buildConfigurationList = 68171BD819ADDBC5000AFEEB /* Build configuration list for PBXProject "ChartsGallery" */;
			compatibilityVersion = "Xcode 3.2";
			developmentRegion = English;
			hasScannedForEncodings = 0;
			knownRegions = (
				en,
				Base,
			);
			mainGroup = 68171BD419ADDBC5000AFEEB;
			productRefGroup = 68171BDE19ADDBC5000AFEEB /* Products */;
			projectDirPath = "";
			projectReferences = (
				{
					ProductGroup = 68171C1819ADDC45000AFEEB /* Products */;
					ProjectRef = 68171C1719ADDC45000AFEEB /* ShinobiPlayUtils.xcodeproj */;
				},
			);
			projectRoot = "";
			targets = (
				68171BDC19ADDBC5000AFEEB /* ChartsGallery */,
			);
		};
/* End PBXProject section */

/* Begin PBXReferenceProxy section */
		68171C1D19ADDC45000AFEEB /* libShinobiPlayUtils.a */ = {
			isa = PBXReferenceProxy;
			fileType = archive.ar;
			path = libShinobiPlayUtils.a;
			remoteRef = 68171C1C19ADDC45000AFEEB /* PBXContainerItemProxy */;
			sourceTree = BUILT_PRODUCTS_DIR;
		};
		68171C1F19ADDC45000AFEEB /* ShinobiPlayUtilsTests.xctest */ = {
			isa = PBXReferenceProxy;
			fileType = wrapper.cfbundle;
			path = ShinobiPlayUtilsTests.xctest;
			remoteRef = 68171C1E19ADDC45000AFEEB /* PBXContainerItemProxy */;
			sourceTree = BUILT_PRODUCTS_DIR;
		};
/* End PBXReferenceProxy section */

/* Begin PBXResourcesBuildPhase section */
		68171BDB19ADDBC5000AFEEB /* Resources */ = {
			isa = PBXResourcesBuildPhase;
			buildActionMask = 2147483647;
			files = (
				6818160419C7084C00D10022 /* ChartsGallery-step-data.plist in Resources */,
				68229EAD19BDCF56004B5A17 /* ChartsGallery-area-data.plist in Resources */,
				68229EC419BDF693004B5A17 /* ChartsGallery-alternateLine-data.plist in Resources */,
				68D4709419BF2140001B1D0D /* ChartsGallery-bar-data.plist in Resources */,
				68229EB819BDD3F3004B5A17 /* ChartsGallery-stackedLine-data.plist in Resources */,
				68D4709A19BF537F001B1D0D /* ChartsGallery-multitype-data.plist in Resources */,
				68171BF919ADDBC5000AFEEB /* Images.xcassets in Resources */,
				68D4709219BF1E96001B1D0D /* ChartsGallery-column-data.plist in Resources */,
				68171BEB19ADDBC5000AFEEB /* InfoPlist.strings in Resources */,
				68229E9819BDA7E7004B5A17 /* ChartsGallery-line-data.plist in Resources */,
				6818163B19C82C4B00D10022 /* ChartsGallery-band-data.plist in Resources */,
				6818162719C713D000D10022 /* ChartsGallery-ohlc-data.plist in Resources */,
				6818164419C84F3300D10022 /* ChartsGallery-scatter-data.plist in Resources */,
				681815FB19C6F8F300D10022 /* ChartsGallery-stackedColumn-data.plist in Resources */,
				6818165819C8835700D10022 /* ChartsGallery-bubble-data.plist in Resources */,
				68D470A319C0369A001B1D0D /* ChartsGallery-histogram-data.plist in Resources */,
				68171BF419ADDBC5000AFEEB /* ChartsGallery.storyboard in Resources */,
			);
			runOnlyForDeploymentPostprocessing = 0;
		};
/* End PBXResourcesBuildPhase section */

/* Begin PBXSourcesBuildPhase section */
		68171BD919ADDBC5000AFEEB /* Sources */ = {
			isa = PBXSourcesBuildPhase;
			buildActionMask = 2147483647;
			files = (
				6818160219C707EC00D10022 /* ChartsGalleryStepDataSource.m in Sources */,
				681815EA19C6E4AB00D10022 /* ChartsGalleryHistogramSeries.m in Sources */,
				6818165619C8642A00D10022 /* ChartsGalleryBubbleSeries.m in Sources */,
				681815F119C6F14C00D10022 /* ChartsGalleryStackedBarDataSource.m in Sources */,
				6818160B19C70F6400D10022 /* ChartsGalleryCandlestickDataSource.m in Sources */,
				68C6319319B5AB44009BFDC0 /* ChartsGalleryPieViewController.m in Sources */,
				6853D95B19B5EB2400735962 /* ChartsGalleryMultitypeViewController.m in Sources */,
				68229E9619BDA7E7004B5A17 /* ChartsGalleryLineViewController.m in Sources */,
				6818165019C862FA00D10022 /* ChartsGalleryBubbleDataSource.m in Sources */,
				68229E9719BDA7E7004B5A17 /* ChartsGalleryLineDataSource.m in Sources */,
				68C631A419B5B639009BFDC0 /* ChartsGalleryDonutDataSource.m in Sources */,
				68229ECD19BEF0DD004B5A17 /* ChartsGalleryBarDataSource.m in Sources */,
				6818164A19C84F9400D10022 /* ChartsGalleryScatterViewController.m in Sources */,
				6818163419C81FD900D10022 /* ChartsGalleryBandViewController.m in Sources */,
				68229EB519BDD35E004B5A17 /* ChartsGalleryStackedLineDataSource.m in Sources */,
				68C6319D19B5AE30009BFDC0 /* ChartsGalleryProportionDataSource.m in Sources */,
				6818163E19C83A3F00D10022 /* ChartsGalleryMultiYDataSource.m in Sources */,
				6818164719C84F7600D10022 /* ChartsGalleryScatterDataSource.m in Sources */,
				681815F919C6F8C400D10022 /* ChartsGalleryStackedColumnDataSource.m in Sources */,
				68229E9E19BDB234004B5A17 /* ChartsGalleryAlternateLineViewController.m in Sources */,
				6818164D19C862E600D10022 /* ChartsGalleryBubbleViewController.m in Sources */,
				68229EB619BDD35E004B5A17 /* ChartsGalleryStackedLineViewController.m in Sources */,
				68C6319619B5AD8F009BFDC0 /* ChartsGalleryPieDataSource.m in Sources */,
				6818160A19C70F6400D10022 /* ChartsGalleryCandlestickViewController.m in Sources */,
				681815F219C6F14C00D10022 /* ChartsGalleryStackedBarViewController.m in Sources */,
				68229EBE19BDD864004B5A17 /* ChartsGalleryStackedAreaViewController.m in Sources */,
				68229ECC19BEF0DD004B5A17 /* ChartsGalleryBarViewController.m in Sources */,
				68D470A019C0355C001B1D0D /* ChartsGalleryHistogramDataSource.m in Sources */,
				68171BF119ADDBC5000AFEEB /* ChartsGalleryAppDelegate.m in Sources */,
				68229E9F19BDB234004B5A17 /* ChartsGalleryAlternateLineDataSource.m in Sources */,
				68D4709019BF1E83001B1D0D /* ChartsGalleryColumnDataSource.m in Sources */,
				6818163719C81FF200D10022 /* ChartsGalleryBandDataSource.m in Sources */,
				68171BED19ADDBC5000AFEEB /* main.m in Sources */,
				68229EAB19BDCDA7004B5A17 /* ChartsGalleryAreaDataSource.m in Sources */,
				68C6319C19B5AE30009BFDC0 /* ChartsGalleryCommonDataSource.m in Sources */,
				68229EBF19BDD864004B5A17 /* ChartsGalleryStackedAreaDataSource.m in Sources */,
				68D470A119C0355C001B1D0D /* ChartsGalleryHistogramViewController.m in Sources */,
				68229EAA19BDCDA7004B5A17 /* ChartsGalleryAreaViewController.m in Sources */,
				68171BF719ADDBC5000AFEEB /* ChartsGalleryViewController.m in Sources */,
				68D4709819BF40DC001B1D0D /* ChartsGalleryCommonViewController.m in Sources */,
				68C631A119B5B5DA009BFDC0 /* ChartsGalleryDonutViewController.m in Sources */,
				6818162B19C740AD00D10022 /* ChartsGalleryOHLCViewController.m in Sources */,
				68D4708F19BF1E83001B1D0D /* ChartsGalleryColumnViewController.m in Sources */,
				681815FF19C707CB00D10022 /* ChartsGalleryStepViewController.m in Sources */,
				6853D95C19B5EB2400735962 /* ChartsGalleryMultitypeDataSource.m in Sources */,
				68229EC219BDEFAF004B5A17 /* ChartsGalleryCommonDateDataSource.m in Sources */,
				6818162E19C740C700D10022 /* ChartsGalleryOHLCDataSource.m in Sources */,
				681815F619C6F88B00D10022 /* ChartsGalleryStackedColumnViewController.m in Sources */,
			);
			runOnlyForDeploymentPostprocessing = 0;
		};
/* End PBXSourcesBuildPhase section */

/* Begin PBXTargetDependency section */
		68171C2119ADDCCB000AFEEB /* PBXTargetDependency */ = {
			isa = PBXTargetDependency;
			name = ShinobiPlayUtils;
			targetProxy = 68171C2019ADDCCB000AFEEB /* PBXContainerItemProxy */;
		};
/* End PBXTargetDependency section */

/* Begin PBXVariantGroup section */
		68171BE919ADDBC5000AFEEB /* InfoPlist.strings */ = {
			isa = PBXVariantGroup;
			children = (
				68171BEA19ADDBC5000AFEEB /* en */,
			);
			name = InfoPlist.strings;
			sourceTree = "<group>";
		};
		68171BF219ADDBC5000AFEEB /* ChartsGallery.storyboard */ = {
			isa = PBXVariantGroup;
			children = (
				68171BF319ADDBC5000AFEEB /* Base */,
			);
			name = ChartsGallery.storyboard;
			sourceTree = "<group>";
		};
/* End PBXVariantGroup section */

/* Begin XCBuildConfiguration section */
		68171C0D19ADDBC5000AFEEB /* Debug */ = {
			isa = XCBuildConfiguration;
			buildSettings = {
				ALWAYS_SEARCH_USER_PATHS = NO;
				CLANG_CXX_LANGUAGE_STANDARD = "gnu++0x";
				CLANG_CXX_LIBRARY = "libc++";
				CLANG_ENABLE_MODULES = YES;
				CLANG_ENABLE_OBJC_ARC = YES;
				CLANG_WARN_BOOL_CONVERSION = YES;
				CLANG_WARN_CONSTANT_CONVERSION = YES;
				CLANG_WARN_DIRECT_OBJC_ISA_USAGE = YES_ERROR;
				CLANG_WARN_EMPTY_BODY = YES;
				CLANG_WARN_ENUM_CONVERSION = YES;
				CLANG_WARN_INT_CONVERSION = YES;
				CLANG_WARN_OBJC_ROOT_CLASS = YES_ERROR;
				CLANG_WARN__DUPLICATE_METHOD_MATCH = YES;
				"CODE_SIGN_IDENTITY[sdk=iphoneos*]" = "iPhone Developer";
				COPY_PHASE_STRIP = NO;
				GCC_C_LANGUAGE_STANDARD = gnu99;
				GCC_DYNAMIC_NO_PIC = NO;
				GCC_OPTIMIZATION_LEVEL = 0;
				GCC_PREPROCESSOR_DEFINITIONS = (
					"DEBUG=1",
					"$(inherited)",
				);
				GCC_SYMBOLS_PRIVATE_EXTERN = NO;
				GCC_WARN_64_TO_32_BIT_CONVERSION = YES;
				GCC_WARN_ABOUT_RETURN_TYPE = YES_ERROR;
				GCC_WARN_UNDECLARED_SELECTOR = YES;
				GCC_WARN_UNINITIALIZED_AUTOS = YES_AGGRESSIVE;
				GCC_WARN_UNUSED_FUNCTION = YES;
				GCC_WARN_UNUSED_VARIABLE = YES;
				IPHONEOS_DEPLOYMENT_TARGET = 7.1;
				ONLY_ACTIVE_ARCH = YES;
				SDKROOT = iphoneos;
				TARGETED_DEVICE_FAMILY = 2;
			};
			name = Debug;
		};
		68171C0E19ADDBC5000AFEEB /* Release */ = {
			isa = XCBuildConfiguration;
			buildSettings = {
				ALWAYS_SEARCH_USER_PATHS = NO;
				CLANG_CXX_LANGUAGE_STANDARD = "gnu++0x";
				CLANG_CXX_LIBRARY = "libc++";
				CLANG_ENABLE_MODULES = YES;
				CLANG_ENABLE_OBJC_ARC = YES;
				CLANG_WARN_BOOL_CONVERSION = YES;
				CLANG_WARN_CONSTANT_CONVERSION = YES;
				CLANG_WARN_DIRECT_OBJC_ISA_USAGE = YES_ERROR;
				CLANG_WARN_EMPTY_BODY = YES;
				CLANG_WARN_ENUM_CONVERSION = YES;
				CLANG_WARN_INT_CONVERSION = YES;
				CLANG_WARN_OBJC_ROOT_CLASS = YES_ERROR;
				CLANG_WARN__DUPLICATE_METHOD_MATCH = YES;
				"CODE_SIGN_IDENTITY[sdk=iphoneos*]" = "iPhone Developer";
				COPY_PHASE_STRIP = YES;
				ENABLE_NS_ASSERTIONS = NO;
				GCC_C_LANGUAGE_STANDARD = gnu99;
				GCC_WARN_64_TO_32_BIT_CONVERSION = YES;
				GCC_WARN_ABOUT_RETURN_TYPE = YES_ERROR;
				GCC_WARN_UNDECLARED_SELECTOR = YES;
				GCC_WARN_UNINITIALIZED_AUTOS = YES_AGGRESSIVE;
				GCC_WARN_UNUSED_FUNCTION = YES;
				GCC_WARN_UNUSED_VARIABLE = YES;
				IPHONEOS_DEPLOYMENT_TARGET = 7.1;
				SDKROOT = iphoneos;
				TARGETED_DEVICE_FAMILY = 2;
				VALIDATE_PRODUCT = YES;
			};
			name = Release;
		};
		68171C1019ADDBC5000AFEEB /* Debug */ = {
			isa = XCBuildConfiguration;
			buildSettings = {
				ASSETCATALOG_COMPILER_APPICON_NAME = AppIcon;
				ASSETCATALOG_COMPILER_LAUNCHIMAGE_NAME = LaunchImage;
				FRAMEWORK_SEARCH_PATHS = (
					"$(inherited)",
					"$(DEVELOPER_FRAMEWORKS_DIR)",
				);
				GCC_PRECOMPILE_PREFIX_HEADER = YES;
				GCC_PREFIX_HEADER = "ChartsGallery/ChartsGallery-Prefix.pch";
				INFOPLIST_FILE = "ChartsGallery/ChartsGallery-Info.plist";
				PRODUCT_NAME = ChartsGallery;
				WRAPPER_EXTENSION = app;
			};
			name = Debug;
		};
		68171C1119ADDBC5000AFEEB /* Release */ = {
			isa = XCBuildConfiguration;
			buildSettings = {
				ASSETCATALOG_COMPILER_APPICON_NAME = AppIcon;
				ASSETCATALOG_COMPILER_LAUNCHIMAGE_NAME = LaunchImage;
				FRAMEWORK_SEARCH_PATHS = (
					"$(inherited)",
					"$(DEVELOPER_FRAMEWORKS_DIR)",
				);
				GCC_PRECOMPILE_PREFIX_HEADER = YES;
				GCC_PREFIX_HEADER = "ChartsGallery/ChartsGallery-Prefix.pch";
				INFOPLIST_FILE = "ChartsGallery/ChartsGallery-Info.plist";
				PRODUCT_NAME = ChartsGallery;
				WRAPPER_EXTENSION = app;
			};
			name = Release;
		};
/* End XCBuildConfiguration section */

/* Begin XCConfigurationList section */
		68171BD819ADDBC5000AFEEB /* Build configuration list for PBXProject "ChartsGallery" */ = {
			isa = XCConfigurationList;
			buildConfigurations = (
				68171C0D19ADDBC5000AFEEB /* Debug */,
				68171C0E19ADDBC5000AFEEB /* Release */,
			);
			defaultConfigurationIsVisible = 0;
			defaultConfigurationName = Release;
		};
		68171C0F19ADDBC5000AFEEB /* Build configuration list for PBXNativeTarget "ChartsGallery" */ = {
			isa = XCConfigurationList;
			buildConfigurations = (
				68171C1019ADDBC5000AFEEB /* Debug */,
				68171C1119ADDBC5000AFEEB /* Release */,
			);
			defaultConfigurationIsVisible = 0;
			defaultConfigurationName = Release;
		};
/* End XCConfigurationList section */
	};
	rootObject = 68171BD519ADDBC5000AFEEB /* Project object */;
}
